// !$*UTF8*$!
{
	archiveVersion = 1;
	classes = {
	};
	objectVersion = 46;
	objects = {

/* Begin PBXBuildFile section */
		45BA1E0F1B3006880061E6F4 /* AppDelegate.swift in Sources */ = {isa = PBXBuildFile; fileRef = 45BA1E0E1B3006880061E6F4 /* AppDelegate.swift */; };
		45BA1E111B3006880061E6F4 /* ViewController.swift in Sources */ = {isa = PBXBuildFile; fileRef = 45BA1E101B3006880061E6F4 /* ViewController.swift */; };
		45BA1E141B3006880061E6F4 /* Main.storyboard in Resources */ = {isa = PBXBuildFile; fileRef = 45BA1E121B3006880061E6F4 /* Main.storyboard */; };
		45BA1E161B3006880061E6F4 /* Images.xcassets in Resources */ = {isa = PBXBuildFile; fileRef = 45BA1E151B3006880061E6F4 /* Images.xcassets */; };
		45BA1E191B3006880061E6F4 /* LaunchScreen.xib in Resources */ = {isa = PBXBuildFile; fileRef = 45BA1E171B3006880061E6F4 /* LaunchScreen.xib */; };
		45BA1E251B3006880061E6F4 /* My_StopwatchTests.swift in Sources */ = {isa = PBXBuildFile; fileRef = 45BA1E241B3006880061E6F4 /* My_StopwatchTests.swift */; };
/* End PBXBuildFile section */

/* Begin PBXContainerItemProxy section */
		45BA1E1F1B3006880061E6F4 /* PBXContainerItemProxy */ = {
			isa = PBXContainerItemProxy;
			containerPortal = 45BA1E011B3006880061E6F4 /* Project object */;
			proxyType = 1;
			remoteGlobalIDString = 45BA1E081B3006880061E6F4;
			remoteInfo = "My Stopwatch";
		};
/* End PBXContainerItemProxy section */

/* Begin PBXFileReference section */
		45BA1E091B3006880061E6F4 /* My Stopwatch.app */ = {isa = PBXFileReference; explicitFileType = wrapper.application; includeInIndex = 0; path = "My Stopwatch.app"; sourceTree = BUILT_PRODUCTS_DIR; };
		45BA1E0D1B3006880061E6F4 /* Info.plist */ = {isa = PBXFileReference; lastKnownFileType = text.plist.xml; path = Info.plist; sourceTree = "<group>"; };
		45BA1E0E1B3006880061E6F4 /* AppDelegate.swift */ = {isa = PBXFileReference; lastKnownFileType = sourcecode.swift; path = AppDelegate.swift; sourceTree = "<group>"; };
		45BA1E101B3006880061E6F4 /* ViewController.swift */ = {isa = PBXFileReference; lastKnownFileType = sourcecode.swift; path = ViewController.swift; sourceTree = "<group>"; };
		45BA1E131B3006880061E6F4 /* Base */ = {isa = PBXFileReference; lastKnownFileType = file.storyboard; name = Base; path = Base.lproj/Main.storyboard; sourceTree = "<group>"; };
		45BA1E151B3006880061E6F4 /* Images.xcassets */ = {isa = PBXFileReference; lastKnownFileType = folder.assetcatalog; path = Images.xcassets; sourceTree = "<group>"; };
		45BA1E181B3006880061E6F4 /* Base */ = {isa = PBXFileReference; lastKnownFileType = file.xib; name = Base; path = Base.lproj/LaunchScreen.xib; sourceTree = "<group>"; };
		45BA1E1E1B3006880061E6F4 /* My StopwatchTests.xctest */ = {isa = PBXFileReference; explicitFileType = wrapper.cfbundle; includeInIndex = 0; path = "My StopwatchTests.xctest"; sourceTree = BUILT_PRODUCTS_DIR; };
		45BA1E231B3006880061E6F4 /* Info.plist */ = {isa = PBXFileReference; lastKnownFileType = text.plist.xml; path = Info.plist; sourceTree = "<group>"; };
		45BA1E241B3006880061E6F4 /* My_StopwatchTests.swift */ = {isa = PBXFileReference; lastKnownFileType = sourcecode.swift; path = My_StopwatchTests.swift; sourceTree = "<group>"; };
/* End PBXFileReference section */

/* Begin PBXFrameworksBuildPhase section */
		45BA1E061B3006880061E6F4 /* Frameworks */ = {
			isa = PBXFrameworksBuildPhase;
			buildActionMask = 2147483647;
			files = (
			);
			runOnlyForDeploymentPostprocessing = 0;
		};
		45BA1E1B1B3006880061E6F4 /* Frameworks */ = {
			isa = PBXFrameworksBuildPhase;
			buildActionMask = 2147483647;
			files = (
			);
			runOnlyForDeploymentPostprocessing = 0;
		};
/* End PBXFrameworksBuildPhase section */

/* Begin PBXGroup section */
		45BA1E001B3006880061E6F4 = {
			isa = PBXGroup;
			children = (
				45BA1E0B1B3006880061E6F4 /* My Stopwatch */,
				45BA1E211B3006880061E6F4 /* My StopwatchTests */,
				45BA1E0A1B3006880061E6F4 /* Products */,
			);
			sourceTree = "<group>";
		};
		45BA1E0A1B3006880061E6F4 /* Products */ = {
			isa = PBXGroup;
			children = (
				45BA1E091B3006880061E6F4 /* My Stopwatch.app */,
				45BA1E1E1B3006880061E6F4 /* My StopwatchTests.xctest */,
			);
			name = Products;
			sourceTree = "<group>";
		};
		45BA1E0B1B3006880061E6F4 /* My Stopwatch */ = {
			isa = PBXGroup;
			children = (
				45BA1E0E1B3006880061E6F4 /* AppDelegate.swift */,
				45BA1E101B3006880061E6F4 /* ViewController.swift */,
				45BA1E121B3006880061E6F4 /* Main.storyboard */,
				45BA1E151B3006880061E6F4 /* Images.xcassets */,
				45BA1E171B3006880061E6F4 /* LaunchScreen.xib */,
				45BA1E0C1B3006880061E6F4 /* Supporting Files */,
			);
			path = "My Stopwatch";
			sourceTree = "<group>";
		};
		45BA1E0C1B3006880061E6F4 /* Supporting Files */ = {
			isa = PBXGroup;
			children = (
				45BA1E0D1B3006880061E6F4 /* Info.plist */,
			);
			name = "Supporting Files";
			sourceTree = "<group>";
		};
		45BA1E211B3006880061E6F4 /* My StopwatchTests */ = {
			isa = PBXGroup;
			children = (
				45BA1E241B3006880061E6F4 /* My_StopwatchTests.swift */,
				45BA1E221B3006880061E6F4 /* Supporting Files */,
			);
			path = "My StopwatchTests";
			sourceTree = "<group>";
		};
		45BA1E221B3006880061E6F4 /* Supporting Files */ = {
			isa = PBXGroup;
			children = (
				45BA1E231B3006880061E6F4 /* Info.plist */,
			);
			name = "Supporting Files";
			sourceTree = "<group>";
		};
/* End PBXGroup section */

/* Begin PBXNativeTarget section */
		45BA1E081B3006880061E6F4 /* My Stopwatch */ = {
			isa = PBXNativeTarget;
			buildConfigurationList = 45BA1E281B3006880061E6F4 /* Build configuration list for PBXNativeTarget "My Stopwatch" */;
			buildPhases = (
				45BA1E051B3006880061E6F4 /* Sources */,
				45BA1E061B3006880061E6F4 /* Frameworks */,
				45BA1E071B3006880061E6F4 /* Resources */,
			);
			buildRules = (
			);
			dependencies = (
			);
			name = "My Stopwatch";
			productName = "My Stopwatch";
			productReference = 45BA1E091B3006880061E6F4 /* My Stopwatch.app */;
			productType = "com.apple.product-type.application";
		};
		45BA1E1D1B3006880061E6F4 /* My StopwatchTests */ = {
			isa = PBXNativeTarget;
			buildConfigurationList = 45BA1E2B1B3006880061E6F4 /* Build configuration list for PBXNativeTarget "My StopwatchTests" */;
			buildPhases = (
				45BA1E1A1B3006880061E6F4 /* Sources */,
				45BA1E1B1B3006880061E6F4 /* Frameworks */,
				45BA1E1C1B3006880061E6F4 /* Resources */,
			);
			buildRules = (
			);
			dependencies = (
				45BA1E201B3006880061E6F4 /* PBXTargetDependency */,
			);
			name = "My StopwatchTests";
			productName = "My StopwatchTests";
			productReference = 45BA1E1E1B3006880061E6F4 /* My StopwatchTests.xctest */;
			productType = "com.apple.product-type.bundle.unit-test";
		};
/* End PBXNativeTarget section */

/* Begin PBXProject section */
		45BA1E011B3006880061E6F4 /* Project object */ = {
			isa = PBXProject;
			attributes = {
				LastUpgradeCheck = 0610;
				ORGANIZATIONNAME = ChenSi;
				TargetAttributes = {
					45BA1E081B3006880061E6F4 = {
						CreatedOnToolsVersion = 6.1;
					};
					45BA1E1D1B3006880061E6F4 = {
						CreatedOnToolsVersion = 6.1;
						TestTargetID = 45BA1E081B3006880061E6F4;
					};
				};
			};
			buildConfigurationList = 45BA1E041B3006880061E6F4 /* Build configuration list for PBXProject "My Stopwatch" */;
			compatibilityVersion = "Xcode 3.2";
			developmentRegion = English;
			hasScannedForEncodings = 0;
			knownRegions = (
				en,
				Base,
			);
			mainGroup = 45BA1E001B3006880061E6F4;
			productRefGroup = 45BA1E0A1B3006880061E6F4 /* Products */;
			projectDirPath = "";
			projectRoot = "";
			targets = (
				45BA1E081B3006880061E6F4 /* My Stopwatch */,
				45BA1E1D1B3006880061E6F4 /* My StopwatchTests */,
			);
		};
/* End PBXProject section */

/* Begin PBXResourcesBuildPhase section */
		45BA1E071B3006880061E6F4 /* Resources */ = {
			isa = PBXResourcesBuildPhase;
			buildActionMask = 2147483647;
			files = (
				45BA1E141B3006880061E6F4 /* Main.storyboard in Resources */,
				45BA1E191B3006880061E6F4 /* LaunchScreen.xib in Resources */,
				45BA1E161B3006880061E6F4 /* Images.xcassets in Resources */,
			);
			runOnlyForDeploymentPostprocessing = 0;
		};
		45BA1E1C1B3006880061E6F4 /* Resources */ = {
			isa = PBXResourcesBuildPhase;
			buildActionMask = 2147483647;
			files = (
			);
			runOnlyForDeploymentPostprocessing = 0;
		};
/* End PBXResourcesBuildPhase section */

/* Begin PBXSourcesBuildPhase section */
		45BA1E051B3006880061E6F4 /* Sources */ = {
			isa = PBXSourcesBuildPhase;
			buildActionMask = 2147483647;
			files = (
				45BA1E111B3006880061E6F4 /* ViewController.swift in Sources */,
				45BA1E0F1B3006880061E6F4 /* AppDelegate.swift in Sources */,
			);
			runOnlyForDeploymentPostprocessing = 0;
		};
		45BA1E1A1B3006880061E6F4 /* Sources */ = {
			isa = PBXSourcesBuildPhase;
			buildActionMask = 2147483647;
			files = (
				45BA1E251B3006880061E6F4 /* My_StopwatchTests.swift in Sources */,
			);
			runOnlyForDeploymentPostprocessing = 0;
		};
/* End PBXSourcesBuildPhase section */

/* Begin PBXTargetDependency section */
		45BA1E201B3006880061E6F4 /* PBXTargetDependency */ = {
			isa = PBXTargetDependency;
			target = 45BA1E081B3006880061E6F4 /* My Stopwatch */;
			targetProxy = 45BA1E1F1B3006880061E6F4 /* PBXContainerItemProxy */;
		};
/* End PBXTargetDependency section */

/* Begin PBXVariantGroup section */
		45BA1E121B3006880061E6F4 /* Main.storyboard */ = {
			isa = PBXVariantGroup;
			children = (
				45BA1E131B3006880061E6F4 /* Base */,
			);
			name = Main.storyboard;
			sourceTree = "<group>";
		};
		45BA1E171B3006880061E6F4 /* LaunchScreen.xib */ = {
			isa = PBXVariantGroup;
			children = (
				45BA1E181B3006880061E6F4 /* Base */,
			);
			name = LaunchScreen.xib;
			sourceTree = "<group>";
		};
/* End PBXVariantGroup section */

/* Begin XCBuildConfiguration section */
		45BA1E261B3006880061E6F4 /* Debug */ = {
			isa = XCBuildConfiguration;
			buildSettings = {
				ALWAYS_SEARCH_USER_PATHS = NO;
				CLANG_CXX_LANGUAGE_STANDARD = "gnu++0x";
				CLANG_CXX_LIBRARY = "libc++";
				CLANG_ENABLE_MODULES = YES;
				CLANG_ENABLE_OBJC_ARC = YES;
				CLANG_WARN_BOOL_CONVERSION = YES;
				CLANG_WARN_CONSTANT_CONVERSION = YES;
				CLANG_WARN_DIRECT_OBJC_ISA_USAGE = YES_ERROR;
				CLANG_WARN_EMPTY_BODY = YES;
				CLANG_WARN_ENUM_CONVERSION = YES;
				CLANG_WARN_INT_CONVERSION = YES;
				CLANG_WARN_OBJC_ROOT_CLASS = YES_ERROR;
				CLANG_WARN_UNREACHABLE_CODE = YES;
				CLANG_WARN__DUPLICATE_METHOD_MATCH = YES;
				"CODE_SIGN_IDENTITY[sdk=iphoneos*]" = "iPhone Developer";
				COPY_PHASE_STRIP = NO;
				ENABLE_STRICT_OBJC_MSGSEND = YES;
				GCC_C_LANGUAGE_STANDARD = gnu99;
				GCC_DYNAMIC_NO_PIC = NO;
				GCC_OPTIMIZATION_LEVEL = 0;
				GCC_PREPROCESSOR_DEFINITIONS = (
					"DEBUG=1",
					"$(inherited)",
				);
				GCC_SYMBOLS_PRIVATE_EXTERN = NO;
				GCC_WARN_64_TO_32_BIT_CONVERSION = YES;
				GCC_WARN_ABOUT_RETURN_TYPE = YES_ERROR;
				GCC_WARN_UNDECLARED_SELECTOR = YES;
				GCC_WARN_UNINITIALIZED_AUTOS = YES_AGGRESSIVE;
				GCC_WARN_UNUSED_FUNCTION = YES;
				GCC_WARN_UNUSED_VARIABLE = YES;
				IPHONEOS_DEPLOYMENT_TARGET = 8.1;
				MTL_ENABLE_DEBUG_INFO = YES;
				ONLY_ACTIVE_ARCH = YES;
				SDKROOT = iphoneos;
				SWIFT_OPTIMIZATION_LEVEL = "-Onone";
			};
			name = Debug;
		};
		45BA1E271B3006880061E6F4 /* Release */ = {
			isa = XCBuildConfiguration;
			buildSettings = {
				ALWAYS_SEARCH_USER_PATHS = NO;
				CLANG_CXX_LANGUAGE_STANDARD = "gnu++0x";
				CLANG_CXX_LIBRARY = "libc++";
				CLANG_ENABLE_MODULES = YES;
				CLANG_ENABLE_OBJC_ARC = YES;
				CLANG_WARN_BOOL_CONVERSION = YES;
				CLANG_WARN_CONSTANT_CONVERSION = YES;
				CLANG_WARN_DIRECT_OBJC_ISA_USAGE = YES_ERROR;
				CLANG_WARN_EMPTY_BODY = YES;
				CLANG_WARN_ENUM_CONVERSION = YES;
				CLANG_WARN_INT_CONVERSION = YES;
				CLANG_WARN_OBJC_ROOT_CLASS = YES_ERROR;
				CLANG_WARN_UNREACHABLE_CODE = YES;
				CLANG_WARN__DUPLICATE_METHOD_MATCH = YES;
				"CODE_SIGN_IDENTITY[sdk=iphoneos*]" = "iPhone Developer";
				COPY_PHASE_STRIP = YES;
				ENABLE_NS_ASSERTIONS = NO;
				ENABLE_STRICT_OBJC_MSGSEND = YES;
				GCC_C_LANGUAGE_STANDARD = gnu99;
				GCC_WARN_64_TO_32_BIT_CONVERSION = YES;
				GCC_WARN_ABOUT_RETURN_TYPE = YES_ERROR;
				GCC_WARN_UNDECLARED_SELECTOR = YES;
				GCC_WARN_UNINITIALIZED_AUTOS = YES_AGGRESSIVE;
				GCC_WARN_UNUSED_FUNCTION = YES;
				GCC_WARN_UNUSED_VARIABLE = YES;
				IPHONEOS_DEPLOYMENT_TARGET = 8.1;
				MTL_ENABLE_DEBUG_INFO = NO;
				SDKROOT = iphoneos;
				VALIDATE_PRODUCT = YES;
			};
			name = Release;
		};
		45BA1E291B3006880061E6F4 /* Debug */ = {
			isa = XCBuildConfiguration;
			buildSettings = {
				ASSETCATALOG_COMPILER_APPICON_NAME = AppIcon;
				INFOPLIST_FILE = "My Stopwatch/Info.plist";
				LD_RUNPATH_SEARCH_PATHS = "$(inherited) @executable_path/Frameworks";
				PRODUCT_NAME = "$(TARGET_NAME)";
			};
			name = Debug;
		};
		45BA1E2A1B3006880061E6F4 /* Release */ = {
			isa = XCBuildConfiguration;
			buildSettings = {
				ASSETCATALOG_COMPILER_APPICON_NAME = AppIcon;
				INFOPLIST_FILE = "My Stopwatch/Info.plist";
				LD_RUNPATH_SEARCH_PATHS = "$(inherited) @executable_path/Frameworks";
				PRODUCT_NAME = "$(TARGET_NAME)";
			};
			name = Release;
		};
		45BA1E2C1B3006880061E6F4 /* Debug */ = {
			isa = XCBuildConfiguration;
			buildSettings = {
				BUNDLE_LOADER = "$(TEST_HOST)";
				FRAMEWORK_SEARCH_PATHS = (
					"$(SDKROOT)/Developer/Library/Frameworks",
					"$(inherited)",
				);
				GCC_PREPROCESSOR_DEFINITIONS = (
					"DEBUG=1",
					"$(inherited)",
				);
				INFOPLIST_FILE = "My StopwatchTests/Info.plist";
				LD_RUNPATH_SEARCH_PATHS = "$(inherited) @executable_path/Frameworks @loader_path/Frameworks";
				PRODUCT_NAME = "$(TARGET_NAME)";
				TEST_HOST = "$(BUILT_PRODUCTS_DIR)/My Stopwatch.app/My Stopwatch";
			};
			name = Debug;
		};
		45BA1E2D1B3006880061E6F4 /* Release */ = {
			isa = XCBuildConfiguration;
			buildSettings = {
				BUNDLE_LOADER = "$(TEST_HOST)";
				FRAMEWORK_SEARCH_PATHS = (
					"$(SDKROOT)/Developer/Library/Frameworks",
					"$(inherited)",
				);
				INFOPLIST_FILE = "My StopwatchTests/Info.plist";
				LD_RUNPATH_SEARCH_PATHS = "$(inherited) @executable_path/Frameworks @loader_path/Frameworks";
				PRODUCT_NAME = "$(TARGET_NAME)";
				TEST_HOST = "$(BUILT_PRODUCTS_DIR)/My Stopwatch.app/My Stopwatch";
			};
			name = Release;
		};
/* End XCBuildConfiguration section */

/* Begin XCConfigurationList section */
		45BA1E041B3006880061E6F4 /* Build configuration list for PBXProject "My Stopwatch" */ = {
			isa = XCConfigurationList;
			buildConfigurations = (
				45BA1E261B3006880061E6F4 /* Debug */,
				45BA1E271B3006880061E6F4 /* Release */,
			);
			defaultConfigurationIsVisible = 0;
			defaultConfigurationName = Release;
		};
		45BA1E281B3006880061E6F4 /* Build configuration list for PBXNativeTarget "My Stopwatch" */ = {
			isa = XCConfigurationList;
			buildConfigurations = (
				45BA1E291B3006880061E6F4 /* Debug */,
				45BA1E2A1B3006880061E6F4 /* Release */,
			);
			defaultConfigurationIsVisible = 0;
		};
		45BA1E2B1B3006880061E6F4 /* Build configuration list for PBXNativeTarget "My StopwatchTests" */ = {
			isa = XCConfigurationList;
			buildConfigurations = (
				45BA1E2C1B3006880061E6F4 /* Debug */,
				45BA1E2D1B3006880061E6F4 /* Release */,
			);
			defaultConfigurationIsVisible = 0;
		};
/* End XCConfigurationList section */
	};
	rootObject = 45BA1E011B3006880061E6F4 /* Project object */;
}
