// !$*UTF8*$!
{
	archiveVersion = 1;
	classes = {
	};
	objectVersion = 46;
	objects = {

/* Begin PBXBuildFile section */
		45D4F5361B4F055800373CAA /* AppDelegate.swift in Sources */ = {isa = PBXBuildFile; fileRef = 45D4F5351B4F055800373CAA /* AppDelegate.swift */; };
		45D4F5381B4F055800373CAA /* ViewController.swift in Sources */ = {isa = PBXBuildFile; fileRef = 45D4F5371B4F055800373CAA /* ViewController.swift */; };
		45D4F53B1B4F055800373CAA /* Main.storyboard in Resources */ = {isa = PBXBuildFile; fileRef = 45D4F5391B4F055800373CAA /* Main.storyboard */; };
		45D4F53D1B4F055800373CAA /* Images.xcassets in Resources */ = {isa = PBXBuildFile; fileRef = 45D4F53C1B4F055800373CAA /* Images.xcassets */; };
		45D4F5401B4F055800373CAA /* LaunchScreen.xib in Resources */ = {isa = PBXBuildFile; fileRef = 45D4F53E1B4F055800373CAA /* LaunchScreen.xib */; };
		45D4F54C1B4F055800373CAA /* Weather_PredictorTests.swift in Sources */ = {isa = PBXBuildFile; fileRef = 45D4F54B1B4F055800373CAA /* Weather_PredictorTests.swift */; };
/* End PBXBuildFile section */

/* Begin PBXContainerItemProxy section */
		45D4F5461B4F055800373CAA /* PBXContainerItemProxy */ = {
			isa = PBXContainerItemProxy;
			containerPortal = 45D4F5281B4F055800373CAA /* Project object */;
			proxyType = 1;
			remoteGlobalIDString = 45D4F52F1B4F055800373CAA;
			remoteInfo = "Weather Predictor";
		};
/* End PBXContainerItemProxy section */

/* Begin PBXFileReference section */
		45D4F5301B4F055800373CAA /* Weather Predictor.app */ = {isa = PBXFileReference; explicitFileType = wrapper.application; includeInIndex = 0; path = "Weather Predictor.app"; sourceTree = BUILT_PRODUCTS_DIR; };
		45D4F5341B4F055800373CAA /* Info.plist */ = {isa = PBXFileReference; lastKnownFileType = text.plist.xml; path = Info.plist; sourceTree = "<group>"; };
		45D4F5351B4F055800373CAA /* AppDelegate.swift */ = {isa = PBXFileReference; lastKnownFileType = sourcecode.swift; path = AppDelegate.swift; sourceTree = "<group>"; };
		45D4F5371B4F055800373CAA /* ViewController.swift */ = {isa = PBXFileReference; lastKnownFileType = sourcecode.swift; path = ViewController.swift; sourceTree = "<group>"; };
		45D4F53A1B4F055800373CAA /* Base */ = {isa = PBXFileReference; lastKnownFileType = file.storyboard; name = Base; path = Base.lproj/Main.storyboard; sourceTree = "<group>"; };
		45D4F53C1B4F055800373CAA /* Images.xcassets */ = {isa = PBXFileReference; lastKnownFileType = folder.assetcatalog; path = Images.xcassets; sourceTree = "<group>"; };
		45D4F53F1B4F055800373CAA /* Base */ = {isa = PBXFileReference; lastKnownFileType = file.xib; name = Base; path = Base.lproj/LaunchScreen.xib; sourceTree = "<group>"; };
		45D4F5451B4F055800373CAA /* Weather PredictorTests.xctest */ = {isa = PBXFileReference; explicitFileType = wrapper.cfbundle; includeInIndex = 0; path = "Weather PredictorTests.xctest"; sourceTree = BUILT_PRODUCTS_DIR; };
		45D4F54A1B4F055800373CAA /* Info.plist */ = {isa = PBXFileReference; lastKnownFileType = text.plist.xml; path = Info.plist; sourceTree = "<group>"; };
		45D4F54B1B4F055800373CAA /* Weather_PredictorTests.swift */ = {isa = PBXFileReference; lastKnownFileType = sourcecode.swift; path = Weather_PredictorTests.swift; sourceTree = "<group>"; };
/* End PBXFileReference section */

/* Begin PBXFrameworksBuildPhase section */
		45D4F52D1B4F055800373CAA /* Frameworks */ = {
			isa = PBXFrameworksBuildPhase;
			buildActionMask = 2147483647;
			files = (
			);
			runOnlyForDeploymentPostprocessing = 0;
		};
		45D4F5421B4F055800373CAA /* Frameworks */ = {
			isa = PBXFrameworksBuildPhase;
			buildActionMask = 2147483647;
			files = (
			);
			runOnlyForDeploymentPostprocessing = 0;
		};
/* End PBXFrameworksBuildPhase section */

/* Begin PBXGroup section */
		45D4F5271B4F055800373CAA = {
			isa = PBXGroup;
			children = (
				45D4F5321B4F055800373CAA /* Weather Predictor */,
				45D4F5481B4F055800373CAA /* Weather PredictorTests */,
				45D4F5311B4F055800373CAA /* Products */,
			);
			sourceTree = "<group>";
		};
		45D4F5311B4F055800373CAA /* Products */ = {
			isa = PBXGroup;
			children = (
				45D4F5301B4F055800373CAA /* Weather Predictor.app */,
				45D4F5451B4F055800373CAA /* Weather PredictorTests.xctest */,
			);
			name = Products;
			sourceTree = "<group>";
		};
		45D4F5321B4F055800373CAA /* Weather Predictor */ = {
			isa = PBXGroup;
			children = (
				45D4F5351B4F055800373CAA /* AppDelegate.swift */,
				45D4F5371B4F055800373CAA /* ViewController.swift */,
				45D4F5391B4F055800373CAA /* Main.storyboard */,
				45D4F53C1B4F055800373CAA /* Images.xcassets */,
				45D4F53E1B4F055800373CAA /* LaunchScreen.xib */,
				45D4F5331B4F055800373CAA /* Supporting Files */,
			);
			path = "Weather Predictor";
			sourceTree = "<group>";
		};
		45D4F5331B4F055800373CAA /* Supporting Files */ = {
			isa = PBXGroup;
			children = (
				45D4F5341B4F055800373CAA /* Info.plist */,
			);
			name = "Supporting Files";
			sourceTree = "<group>";
		};
		45D4F5481B4F055800373CAA /* Weather PredictorTests */ = {
			isa = PBXGroup;
			children = (
				45D4F54B1B4F055800373CAA /* Weather_PredictorTests.swift */,
				45D4F5491B4F055800373CAA /* Supporting Files */,
			);
			path = "Weather PredictorTests";
			sourceTree = "<group>";
		};
		45D4F5491B4F055800373CAA /* Supporting Files */ = {
			isa = PBXGroup;
			children = (
				45D4F54A1B4F055800373CAA /* Info.plist */,
			);
			name = "Supporting Files";
			sourceTree = "<group>";
		};
/* End PBXGroup section */

/* Begin PBXNativeTarget section */
		45D4F52F1B4F055800373CAA /* Weather Predictor */ = {
			isa = PBXNativeTarget;
			buildConfigurationList = 45D4F54F1B4F055800373CAA /* Build configuration list for PBXNativeTarget "Weather Predictor" */;
			buildPhases = (
				45D4F52C1B4F055800373CAA /* Sources */,
				45D4F52D1B4F055800373CAA /* Frameworks */,
				45D4F52E1B4F055800373CAA /* Resources */,
			);
			buildRules = (
			);
			dependencies = (
			);
			name = "Weather Predictor";
			productName = "Weather Predictor";
			productReference = 45D4F5301B4F055800373CAA /* Weather Predictor.app */;
			productType = "com.apple.product-type.application";
		};
		45D4F5441B4F055800373CAA /* Weather PredictorTests */ = {
			isa = PBXNativeTarget;
			buildConfigurationList = 45D4F5521B4F055800373CAA /* Build configuration list for PBXNativeTarget "Weather PredictorTests" */;
			buildPhases = (
				45D4F5411B4F055800373CAA /* Sources */,
				45D4F5421B4F055800373CAA /* Frameworks */,
				45D4F5431B4F055800373CAA /* Resources */,
			);
			buildRules = (
			);
			dependencies = (
				45D4F5471B4F055800373CAA /* PBXTargetDependency */,
			);
			name = "Weather PredictorTests";
			productName = "Weather PredictorTests";
			productReference = 45D4F5451B4F055800373CAA /* Weather PredictorTests.xctest */;
			productType = "com.apple.product-type.bundle.unit-test";
		};
/* End PBXNativeTarget section */

/* Begin PBXProject section */
		45D4F5281B4F055800373CAA /* Project object */ = {
			isa = PBXProject;
			attributes = {
				LastUpgradeCheck = 0610;
				ORGANIZATIONNAME = ChenSi;
				TargetAttributes = {
					45D4F52F1B4F055800373CAA = {
						CreatedOnToolsVersion = 6.1;
					};
					45D4F5441B4F055800373CAA = {
						CreatedOnToolsVersion = 6.1;
						TestTargetID = 45D4F52F1B4F055800373CAA;
					};
				};
			};
			buildConfigurationList = 45D4F52B1B4F055800373CAA /* Build configuration list for PBXProject "Weather Predictor" */;
			compatibilityVersion = "Xcode 3.2";
			developmentRegion = English;
			hasScannedForEncodings = 0;
			knownRegions = (
				en,
				Base,
			);
			mainGroup = 45D4F5271B4F055800373CAA;
			productRefGroup = 45D4F5311B4F055800373CAA /* Products */;
			projectDirPath = "";
			projectRoot = "";
			targets = (
				45D4F52F1B4F055800373CAA /* Weather Predictor */,
				45D4F5441B4F055800373CAA /* Weather PredictorTests */,
			);
		};
/* End PBXProject section */

/* Begin PBXResourcesBuildPhase section */
		45D4F52E1B4F055800373CAA /* Resources */ = {
			isa = PBXResourcesBuildPhase;
			buildActionMask = 2147483647;
			files = (
				45D4F53B1B4F055800373CAA /* Main.storyboard in Resources */,
				45D4F5401B4F055800373CAA /* LaunchScreen.xib in Resources */,
				45D4F53D1B4F055800373CAA /* Images.xcassets in Resources */,
			);
			runOnlyForDeploymentPostprocessing = 0;
		};
		45D4F5431B4F055800373CAA /* Resources */ = {
			isa = PBXResourcesBuildPhase;
			buildActionMask = 2147483647;
			files = (
			);
			runOnlyForDeploymentPostprocessing = 0;
		};
/* End PBXResourcesBuildPhase section */

/* Begin PBXSourcesBuildPhase section */
		45D4F52C1B4F055800373CAA /* Sources */ = {
			isa = PBXSourcesBuildPhase;
			buildActionMask = 2147483647;
			files = (
				45D4F5381B4F055800373CAA /* ViewController.swift in Sources */,
				45D4F5361B4F055800373CAA /* AppDelegate.swift in Sources */,
			);
			runOnlyForDeploymentPostprocessing = 0;
		};
		45D4F5411B4F055800373CAA /* Sources */ = {
			isa = PBXSourcesBuildPhase;
			buildActionMask = 2147483647;
			files = (
				45D4F54C1B4F055800373CAA /* Weather_PredictorTests.swift in Sources */,
			);
			runOnlyForDeploymentPostprocessing = 0;
		};
/* End PBXSourcesBuildPhase section */

/* Begin PBXTargetDependency section */
		45D4F5471B4F055800373CAA /* PBXTargetDependency */ = {
			isa = PBXTargetDependency;
			target = 45D4F52F1B4F055800373CAA /* Weather Predictor */;
			targetProxy = 45D4F5461B4F055800373CAA /* PBXContainerItemProxy */;
		};
/* End PBXTargetDependency section */

/* Begin PBXVariantGroup section */
		45D4F5391B4F055800373CAA /* Main.storyboard */ = {
			isa = PBXVariantGroup;
			children = (
				45D4F53A1B4F055800373CAA /* Base */,
			);
			name = Main.storyboard;
			sourceTree = "<group>";
		};
		45D4F53E1B4F055800373CAA /* LaunchScreen.xib */ = {
			isa = PBXVariantGroup;
			children = (
				45D4F53F1B4F055800373CAA /* Base */,
			);
			name = LaunchScreen.xib;
			sourceTree = "<group>";
		};
/* End PBXVariantGroup section */

/* Begin XCBuildConfiguration section */
		45D4F54D1B4F055800373CAA /* Debug */ = {
			isa = XCBuildConfiguration;
			buildSettings = {
				ALWAYS_SEARCH_USER_PATHS = NO;
				CLANG_CXX_LANGUAGE_STANDARD = "gnu++0x";
				CLANG_CXX_LIBRARY = "libc++";
				CLANG_ENABLE_MODULES = YES;
				CLANG_ENABLE_OBJC_ARC = YES;
				CLANG_WARN_BOOL_CONVERSION = YES;
				CLANG_WARN_CONSTANT_CONVERSION = YES;
				CLANG_WARN_DIRECT_OBJC_ISA_USAGE = YES_ERROR;
				CLANG_WARN_EMPTY_BODY = YES;
				CLANG_WARN_ENUM_CONVERSION = YES;
				CLANG_WARN_INT_CONVERSION = YES;
				CLANG_WARN_OBJC_ROOT_CLASS = YES_ERROR;
				CLANG_WARN_UNREACHABLE_CODE = YES;
				CLANG_WARN__DUPLICATE_METHOD_MATCH = YES;
				"CODE_SIGN_IDENTITY[sdk=iphoneos*]" = "iPhone Developer";
				COPY_PHASE_STRIP = NO;
				ENABLE_STRICT_OBJC_MSGSEND = YES;
				GCC_C_LANGUAGE_STANDARD = gnu99;
				GCC_DYNAMIC_NO_PIC = NO;
				GCC_OPTIMIZATION_LEVEL = 0;
				GCC_PREPROCESSOR_DEFINITIONS = (
					"DEBUG=1",
					"$(inherited)",
				);
				GCC_SYMBOLS_PRIVATE_EXTERN = NO;
				GCC_WARN_64_TO_32_BIT_CONVERSION = YES;
				GCC_WARN_ABOUT_RETURN_TYPE = YES_ERROR;
				GCC_WARN_UNDECLARED_SELECTOR = YES;
				GCC_WARN_UNINITIALIZED_AUTOS = YES_AGGRESSIVE;
				GCC_WARN_UNUSED_FUNCTION = YES;
				GCC_WARN_UNUSED_VARIABLE = YES;
				IPHONEOS_DEPLOYMENT_TARGET = 8.1;
				MTL_ENABLE_DEBUG_INFO = YES;
				ONLY_ACTIVE_ARCH = YES;
				SDKROOT = iphoneos;
				SWIFT_OPTIMIZATION_LEVEL = "-Onone";
			};
			name = Debug;
		};
		45D4F54E1B4F055800373CAA /* Release */ = {
			isa = XCBuildConfiguration;
			buildSettings = {
				ALWAYS_SEARCH_USER_PATHS = NO;
				CLANG_CXX_LANGUAGE_STANDARD = "gnu++0x";
				CLANG_CXX_LIBRARY = "libc++";
				CLANG_ENABLE_MODULES = YES;
				CLANG_ENABLE_OBJC_ARC = YES;
				CLANG_WARN_BOOL_CONVERSION = YES;
				CLANG_WARN_CONSTANT_CONVERSION = YES;
				CLANG_WARN_DIRECT_OBJC_ISA_USAGE = YES_ERROR;
				CLANG_WARN_EMPTY_BODY = YES;
				CLANG_WARN_ENUM_CONVERSION = YES;
				CLANG_WARN_INT_CONVERSION = YES;
				CLANG_WARN_OBJC_ROOT_CLASS = YES_ERROR;
				CLANG_WARN_UNREACHABLE_CODE = YES;
				CLANG_WARN__DUPLICATE_METHOD_MATCH = YES;
				"CODE_SIGN_IDENTITY[sdk=iphoneos*]" = "iPhone Developer";
				COPY_PHASE_STRIP = YES;
				ENABLE_NS_ASSERTIONS = NO;
				ENABLE_STRICT_OBJC_MSGSEND = YES;
				GCC_C_LANGUAGE_STANDARD = gnu99;
				GCC_WARN_64_TO_32_BIT_CONVERSION = YES;
				GCC_WARN_ABOUT_RETURN_TYPE = YES_ERROR;
				GCC_WARN_UNDECLARED_SELECTOR = YES;
				GCC_WARN_UNINITIALIZED_AUTOS = YES_AGGRESSIVE;
				GCC_WARN_UNUSED_FUNCTION = YES;
				GCC_WARN_UNUSED_VARIABLE = YES;
				IPHONEOS_DEPLOYMENT_TARGET = 8.1;
				MTL_ENABLE_DEBUG_INFO = NO;
				SDKROOT = iphoneos;
				VALIDATE_PRODUCT = YES;
			};
			name = Release;
		};
		45D4F5501B4F055800373CAA /* Debug */ = {
			isa = XCBuildConfiguration;
			buildSettings = {
				ASSETCATALOG_COMPILER_APPICON_NAME = AppIcon;
				INFOPLIST_FILE = "Weather Predictor/Info.plist";
				LD_RUNPATH_SEARCH_PATHS = "$(inherited) @executable_path/Frameworks";
				PRODUCT_NAME = "$(TARGET_NAME)";
			};
			name = Debug;
		};
		45D4F5511B4F055800373CAA /* Release */ = {
			isa = XCBuildConfiguration;
			buildSettings = {
				ASSETCATALOG_COMPILER_APPICON_NAME = AppIcon;
				INFOPLIST_FILE = "Weather Predictor/Info.plist";
				LD_RUNPATH_SEARCH_PATHS = "$(inherited) @executable_path/Frameworks";
				PRODUCT_NAME = "$(TARGET_NAME)";
			};
			name = Release;
		};
		45D4F5531B4F055800373CAA /* Debug */ = {
			isa = XCBuildConfiguration;
			buildSettings = {
				BUNDLE_LOADER = "$(TEST_HOST)";
				FRAMEWORK_SEARCH_PATHS = (
					"$(SDKROOT)/Developer/Library/Frameworks",
					"$(inherited)",
				);
				GCC_PREPROCESSOR_DEFINITIONS = (
					"DEBUG=1",
					"$(inherited)",
				);
				INFOPLIST_FILE = "Weather PredictorTests/Info.plist";
				LD_RUNPATH_SEARCH_PATHS = "$(inherited) @executable_path/Frameworks @loader_path/Frameworks";
				PRODUCT_NAME = "$(TARGET_NAME)";
				TEST_HOST = "$(BUILT_PRODUCTS_DIR)/Weather Predictor.app/Weather Predictor";
			};
			name = Debug;
		};
		45D4F5541B4F055800373CAA /* Release */ = {
			isa = XCBuildConfiguration;
			buildSettings = {
				BUNDLE_LOADER = "$(TEST_HOST)";
				FRAMEWORK_SEARCH_PATHS = (
					"$(SDKROOT)/Developer/Library/Frameworks",
					"$(inherited)",
				);
				INFOPLIST_FILE = "Weather PredictorTests/Info.plist";
				LD_RUNPATH_SEARCH_PATHS = "$(inherited) @executable_path/Frameworks @loader_path/Frameworks";
				PRODUCT_NAME = "$(TARGET_NAME)";
				TEST_HOST = "$(BUILT_PRODUCTS_DIR)/Weather Predictor.app/Weather Predictor";
			};
			name = Release;
		};
/* End XCBuildConfiguration section */

/* Begin XCConfigurationList section */
		45D4F52B1B4F055800373CAA /* Build configuration list for PBXProject "Weather Predictor" */ = {
			isa = XCConfigurationList;
			buildConfigurations = (
				45D4F54D1B4F055800373CAA /* Debug */,
				45D4F54E1B4F055800373CAA /* Release */,
			);
			defaultConfigurationIsVisible = 0;
			defaultConfigurationName = Release;
		};
		45D4F54F1B4F055800373CAA /* Build configuration list for PBXNativeTarget "Weather Predictor" */ = {
			isa = XCConfigurationList;
			buildConfigurations = (
				45D4F5501B4F055800373CAA /* Debug */,
				45D4F5511B4F055800373CAA /* Release */,
			);
			defaultConfigurationIsVisible = 0;
		};
		45D4F5521B4F055800373CAA /* Build configuration list for PBXNativeTarget "Weather PredictorTests" */ = {
			isa = XCConfigurationList;
			buildConfigurations = (
				45D4F5531B4F055800373CAA /* Debug */,
				45D4F5541B4F055800373CAA /* Release */,
			);
			defaultConfigurationIsVisible = 0;
		};
/* End XCConfigurationList section */
	};
	rootObject = 45D4F5281B4F055800373CAA /* Project object */;
}
