// !$*UTF8*$!
{
	archiveVersion = 1;
	classes = {
	};
	objectVersion = 46;
	objects = {

/* Begin PBXBuildFile section */
		C256FA771B54F98F006DC543 /* AppDelegate.swift in Sources */ = {isa = PBXBuildFile; fileRef = C256FA761B54F98F006DC543 /* AppDelegate.swift */; };
		C256FA791B54F98F006DC543 /* ViewController.swift in Sources */ = {isa = PBXBuildFile; fileRef = C256FA781B54F98F006DC543 /* ViewController.swift */; };
		C256FA7C1B54F98F006DC543 /* Main.storyboard in Resources */ = {isa = PBXBuildFile; fileRef = C256FA7A1B54F98F006DC543 /* Main.storyboard */; };
		C256FA7E1B54F98F006DC543 /* Images.xcassets in Resources */ = {isa = PBXBuildFile; fileRef = C256FA7D1B54F98F006DC543 /* Images.xcassets */; };
		C256FA811B54F98F006DC543 /* LaunchScreen.xib in Resources */ = {isa = PBXBuildFile; fileRef = C256FA7F1B54F98F006DC543 /* LaunchScreen.xib */; };
		C256FA8D1B54F98F006DC543 /* Webview_DemoTests.swift in Sources */ = {isa = PBXBuildFile; fileRef = C256FA8C1B54F98F006DC543 /* Webview_DemoTests.swift */; };
/* End PBXBuildFile section */

/* Begin PBXContainerItemProxy section */
		C256FA871B54F98F006DC543 /* PBXContainerItemProxy */ = {
			isa = PBXContainerItemProxy;
			containerPortal = C256FA691B54F98F006DC543 /* Project object */;
			proxyType = 1;
			remoteGlobalIDString = C256FA701B54F98F006DC543;
			remoteInfo = "Webview Demo";
		};
/* End PBXContainerItemProxy section */

/* Begin PBXFileReference section */
		C256FA711B54F98F006DC543 /* Webview Demo.app */ = {isa = PBXFileReference; explicitFileType = wrapper.application; includeInIndex = 0; path = "Webview Demo.app"; sourceTree = BUILT_PRODUCTS_DIR; };
		C256FA751B54F98F006DC543 /* Info.plist */ = {isa = PBXFileReference; lastKnownFileType = text.plist.xml; path = Info.plist; sourceTree = "<group>"; };
		C256FA761B54F98F006DC543 /* AppDelegate.swift */ = {isa = PBXFileReference; lastKnownFileType = sourcecode.swift; path = AppDelegate.swift; sourceTree = "<group>"; };
		C256FA781B54F98F006DC543 /* ViewController.swift */ = {isa = PBXFileReference; lastKnownFileType = sourcecode.swift; path = ViewController.swift; sourceTree = "<group>"; };
		C256FA7B1B54F98F006DC543 /* Base */ = {isa = PBXFileReference; lastKnownFileType = file.storyboard; name = Base; path = Base.lproj/Main.storyboard; sourceTree = "<group>"; };
		C256FA7D1B54F98F006DC543 /* Images.xcassets */ = {isa = PBXFileReference; lastKnownFileType = folder.assetcatalog; path = Images.xcassets; sourceTree = "<group>"; };
		C256FA801B54F98F006DC543 /* Base */ = {isa = PBXFileReference; lastKnownFileType = file.xib; name = Base; path = Base.lproj/LaunchScreen.xib; sourceTree = "<group>"; };
		C256FA861B54F98F006DC543 /* Webview DemoTests.xctest */ = {isa = PBXFileReference; explicitFileType = wrapper.cfbundle; includeInIndex = 0; path = "Webview DemoTests.xctest"; sourceTree = BUILT_PRODUCTS_DIR; };
		C256FA8B1B54F98F006DC543 /* Info.plist */ = {isa = PBXFileReference; lastKnownFileType = text.plist.xml; path = Info.plist; sourceTree = "<group>"; };
		C256FA8C1B54F98F006DC543 /* Webview_DemoTests.swift */ = {isa = PBXFileReference; lastKnownFileType = sourcecode.swift; path = Webview_DemoTests.swift; sourceTree = "<group>"; };
/* End PBXFileReference section */

/* Begin PBXFrameworksBuildPhase section */
		C256FA6E1B54F98F006DC543 /* Frameworks */ = {
			isa = PBXFrameworksBuildPhase;
			buildActionMask = 2147483647;
			files = (
			);
			runOnlyForDeploymentPostprocessing = 0;
		};
		C256FA831B54F98F006DC543 /* Frameworks */ = {
			isa = PBXFrameworksBuildPhase;
			buildActionMask = 2147483647;
			files = (
			);
			runOnlyForDeploymentPostprocessing = 0;
		};
/* End PBXFrameworksBuildPhase section */

/* Begin PBXGroup section */
		C256FA681B54F98F006DC543 = {
			isa = PBXGroup;
			children = (
				C256FA731B54F98F006DC543 /* Webview Demo */,
				C256FA891B54F98F006DC543 /* Webview DemoTests */,
				C256FA721B54F98F006DC543 /* Products */,
			);
			sourceTree = "<group>";
		};
		C256FA721B54F98F006DC543 /* Products */ = {
			isa = PBXGroup;
			children = (
				C256FA711B54F98F006DC543 /* Webview Demo.app */,
				C256FA861B54F98F006DC543 /* Webview DemoTests.xctest */,
			);
			name = Products;
			sourceTree = "<group>";
		};
		C256FA731B54F98F006DC543 /* Webview Demo */ = {
			isa = PBXGroup;
			children = (
				C256FA761B54F98F006DC543 /* AppDelegate.swift */,
				C256FA781B54F98F006DC543 /* ViewController.swift */,
				C256FA7A1B54F98F006DC543 /* Main.storyboard */,
				C256FA7D1B54F98F006DC543 /* Images.xcassets */,
				C256FA7F1B54F98F006DC543 /* LaunchScreen.xib */,
				C256FA741B54F98F006DC543 /* Supporting Files */,
			);
			path = "Webview Demo";
			sourceTree = "<group>";
		};
		C256FA741B54F98F006DC543 /* Supporting Files */ = {
			isa = PBXGroup;
			children = (
				C256FA751B54F98F006DC543 /* Info.plist */,
			);
			name = "Supporting Files";
			sourceTree = "<group>";
		};
		C256FA891B54F98F006DC543 /* Webview DemoTests */ = {
			isa = PBXGroup;
			children = (
				C256FA8C1B54F98F006DC543 /* Webview_DemoTests.swift */,
				C256FA8A1B54F98F006DC543 /* Supporting Files */,
			);
			path = "Webview DemoTests";
			sourceTree = "<group>";
		};
		C256FA8A1B54F98F006DC543 /* Supporting Files */ = {
			isa = PBXGroup;
			children = (
				C256FA8B1B54F98F006DC543 /* Info.plist */,
			);
			name = "Supporting Files";
			sourceTree = "<group>";
		};
/* End PBXGroup section */

/* Begin PBXNativeTarget section */
		C256FA701B54F98F006DC543 /* Webview Demo */ = {
			isa = PBXNativeTarget;
			buildConfigurationList = C256FA901B54F98F006DC543 /* Build configuration list for PBXNativeTarget "Webview Demo" */;
			buildPhases = (
				C256FA6D1B54F98F006DC543 /* Sources */,
				C256FA6E1B54F98F006DC543 /* Frameworks */,
				C256FA6F1B54F98F006DC543 /* Resources */,
			);
			buildRules = (
			);
			dependencies = (
			);
			name = "Webview Demo";
			productName = "Webview Demo";
			productReference = C256FA711B54F98F006DC543 /* Webview Demo.app */;
			productType = "com.apple.product-type.application";
		};
		C256FA851B54F98F006DC543 /* Webview DemoTests */ = {
			isa = PBXNativeTarget;
			buildConfigurationList = C256FA931B54F98F006DC543 /* Build configuration list for PBXNativeTarget "Webview DemoTests" */;
			buildPhases = (
				C256FA821B54F98F006DC543 /* Sources */,
				C256FA831B54F98F006DC543 /* Frameworks */,
				C256FA841B54F98F006DC543 /* Resources */,
			);
			buildRules = (
			);
			dependencies = (
				C256FA881B54F98F006DC543 /* PBXTargetDependency */,
			);
			name = "Webview DemoTests";
			productName = "Webview DemoTests";
			productReference = C256FA861B54F98F006DC543 /* Webview DemoTests.xctest */;
			productType = "com.apple.product-type.bundle.unit-test";
		};
/* End PBXNativeTarget section */

/* Begin PBXProject section */
		C256FA691B54F98F006DC543 /* Project object */ = {
			isa = PBXProject;
			attributes = {
				LastUpgradeCheck = 0640;
				ORGANIZATIONNAME = "Si Chen";
				TargetAttributes = {
					C256FA701B54F98F006DC543 = {
						CreatedOnToolsVersion = 6.4;
					};
					C256FA851B54F98F006DC543 = {
						CreatedOnToolsVersion = 6.4;
						TestTargetID = C256FA701B54F98F006DC543;
					};
				};
			};
			buildConfigurationList = C256FA6C1B54F98F006DC543 /* Build configuration list for PBXProject "Webview Demo" */;
			compatibilityVersion = "Xcode 3.2";
			developmentRegion = English;
			hasScannedForEncodings = 0;
			knownRegions = (
				en,
				Base,
			);
			mainGroup = C256FA681B54F98F006DC543;
			productRefGroup = C256FA721B54F98F006DC543 /* Products */;
			projectDirPath = "";
			projectRoot = "";
			targets = (
				C256FA701B54F98F006DC543 /* Webview Demo */,
				C256FA851B54F98F006DC543 /* Webview DemoTests */,
			);
		};
/* End PBXProject section */

/* Begin PBXResourcesBuildPhase section */
		C256FA6F1B54F98F006DC543 /* Resources */ = {
			isa = PBXResourcesBuildPhase;
			buildActionMask = 2147483647;
			files = (
				C256FA7C1B54F98F006DC543 /* Main.storyboard in Resources */,
				C256FA811B54F98F006DC543 /* LaunchScreen.xib in Resources */,
				C256FA7E1B54F98F006DC543 /* Images.xcassets in Resources */,
			);
			runOnlyForDeploymentPostprocessing = 0;
		};
		C256FA841B54F98F006DC543 /* Resources */ = {
			isa = PBXResourcesBuildPhase;
			buildActionMask = 2147483647;
			files = (
			);
			runOnlyForDeploymentPostprocessing = 0;
		};
/* End PBXResourcesBuildPhase section */

/* Begin PBXSourcesBuildPhase section */
		C256FA6D1B54F98F006DC543 /* Sources */ = {
			isa = PBXSourcesBuildPhase;
			buildActionMask = 2147483647;
			files = (
				C256FA791B54F98F006DC543 /* ViewController.swift in Sources */,
				C256FA771B54F98F006DC543 /* AppDelegate.swift in Sources */,
			);
			runOnlyForDeploymentPostprocessing = 0;
		};
		C256FA821B54F98F006DC543 /* Sources */ = {
			isa = PBXSourcesBuildPhase;
			buildActionMask = 2147483647;
			files = (
				C256FA8D1B54F98F006DC543 /* Webview_DemoTests.swift in Sources */,
			);
			runOnlyForDeploymentPostprocessing = 0;
		};
/* End PBXSourcesBuildPhase section */

/* Begin PBXTargetDependency section */
		C256FA881B54F98F006DC543 /* PBXTargetDependency */ = {
			isa = PBXTargetDependency;
			target = C256FA701B54F98F006DC543 /* Webview Demo */;
			targetProxy = C256FA871B54F98F006DC543 /* PBXContainerItemProxy */;
		};
/* End PBXTargetDependency section */

/* Begin PBXVariantGroup section */
		C256FA7A1B54F98F006DC543 /* Main.storyboard */ = {
			isa = PBXVariantGroup;
			children = (
				C256FA7B1B54F98F006DC543 /* Base */,
			);
			name = Main.storyboard;
			sourceTree = "<group>";
		};
		C256FA7F1B54F98F006DC543 /* LaunchScreen.xib */ = {
			isa = PBXVariantGroup;
			children = (
				C256FA801B54F98F006DC543 /* Base */,
			);
			name = LaunchScreen.xib;
			sourceTree = "<group>";
		};
/* End PBXVariantGroup section */

/* Begin XCBuildConfiguration section */
		C256FA8E1B54F98F006DC543 /* Debug */ = {
			isa = XCBuildConfiguration;
			buildSettings = {
				ALWAYS_SEARCH_USER_PATHS = NO;
				CLANG_CXX_LANGUAGE_STANDARD = "gnu++0x";
				CLANG_CXX_LIBRARY = "libc++";
				CLANG_ENABLE_MODULES = YES;
				CLANG_ENABLE_OBJC_ARC = YES;
				CLANG_WARN_BOOL_CONVERSION = YES;
				CLANG_WARN_CONSTANT_CONVERSION = YES;
				CLANG_WARN_DIRECT_OBJC_ISA_USAGE = YES_ERROR;
				CLANG_WARN_EMPTY_BODY = YES;
				CLANG_WARN_ENUM_CONVERSION = YES;
				CLANG_WARN_INT_CONVERSION = YES;
				CLANG_WARN_OBJC_ROOT_CLASS = YES_ERROR;
				CLANG_WARN_UNREACHABLE_CODE = YES;
				CLANG_WARN__DUPLICATE_METHOD_MATCH = YES;
				"CODE_SIGN_IDENTITY[sdk=iphoneos*]" = "iPhone Developer";
				COPY_PHASE_STRIP = NO;
				DEBUG_INFORMATION_FORMAT = "dwarf-with-dsym";
				ENABLE_STRICT_OBJC_MSGSEND = YES;
				GCC_C_LANGUAGE_STANDARD = gnu99;
				GCC_DYNAMIC_NO_PIC = NO;
				GCC_NO_COMMON_BLOCKS = YES;
				GCC_OPTIMIZATION_LEVEL = 0;
				GCC_PREPROCESSOR_DEFINITIONS = (
					"DEBUG=1",
					"$(inherited)",
				);
				GCC_SYMBOLS_PRIVATE_EXTERN = NO;
				GCC_WARN_64_TO_32_BIT_CONVERSION = YES;
				GCC_WARN_ABOUT_RETURN_TYPE = YES_ERROR;
				GCC_WARN_UNDECLARED_SELECTOR = YES;
				GCC_WARN_UNINITIALIZED_AUTOS = YES_AGGRESSIVE;
				GCC_WARN_UNUSED_FUNCTION = YES;
				GCC_WARN_UNUSED_VARIABLE = YES;
				IPHONEOS_DEPLOYMENT_TARGET = 8.4;
				MTL_ENABLE_DEBUG_INFO = YES;
				ONLY_ACTIVE_ARCH = YES;
				SDKROOT = iphoneos;
				SWIFT_OPTIMIZATION_LEVEL = "-Onone";
			};
			name = Debug;
		};
		C256FA8F1B54F98F006DC543 /* Release */ = {
			isa = XCBuildConfiguration;
			buildSettings = {
				ALWAYS_SEARCH_USER_PATHS = NO;
				CLANG_CXX_LANGUAGE_STANDARD = "gnu++0x";
				CLANG_CXX_LIBRARY = "libc++";
				CLANG_ENABLE_MODULES = YES;
				CLANG_ENABLE_OBJC_ARC = YES;
				CLANG_WARN_BOOL_CONVERSION = YES;
				CLANG_WARN_CONSTANT_CONVERSION = YES;
				CLANG_WARN_DIRECT_OBJC_ISA_USAGE = YES_ERROR;
				CLANG_WARN_EMPTY_BODY = YES;
				CLANG_WARN_ENUM_CONVERSION = YES;
				CLANG_WARN_INT_CONVERSION = YES;
				CLANG_WARN_OBJC_ROOT_CLASS = YES_ERROR;
				CLANG_WARN_UNREACHABLE_CODE = YES;
				CLANG_WARN__DUPLICATE_METHOD_MATCH = YES;
				"CODE_SIGN_IDENTITY[sdk=iphoneos*]" = "iPhone Developer";
				COPY_PHASE_STRIP = NO;
				DEBUG_INFORMATION_FORMAT = "dwarf-with-dsym";
				ENABLE_NS_ASSERTIONS = NO;
				ENABLE_STRICT_OBJC_MSGSEND = YES;
				GCC_C_LANGUAGE_STANDARD = gnu99;
				GCC_NO_COMMON_BLOCKS = YES;
				GCC_WARN_64_TO_32_BIT_CONVERSION = YES;
				GCC_WARN_ABOUT_RETURN_TYPE = YES_ERROR;
				GCC_WARN_UNDECLARED_SELECTOR = YES;
				GCC_WARN_UNINITIALIZED_AUTOS = YES_AGGRESSIVE;
				GCC_WARN_UNUSED_FUNCTION = YES;
				GCC_WARN_UNUSED_VARIABLE = YES;
				IPHONEOS_DEPLOYMENT_TARGET = 8.4;
				MTL_ENABLE_DEBUG_INFO = NO;
				SDKROOT = iphoneos;
				VALIDATE_PRODUCT = YES;
			};
			name = Release;
		};
		C256FA911B54F98F006DC543 /* Debug */ = {
			isa = XCBuildConfiguration;
			buildSettings = {
				ASSETCATALOG_COMPILER_APPICON_NAME = AppIcon;
				INFOPLIST_FILE = "Webview Demo/Info.plist";
				LD_RUNPATH_SEARCH_PATHS = "$(inherited) @executable_path/Frameworks";
				PRODUCT_NAME = "$(TARGET_NAME)";
			};
			name = Debug;
		};
		C256FA921B54F98F006DC543 /* Release */ = {
			isa = XCBuildConfiguration;
			buildSettings = {
				ASSETCATALOG_COMPILER_APPICON_NAME = AppIcon;
				INFOPLIST_FILE = "Webview Demo/Info.plist";
				LD_RUNPATH_SEARCH_PATHS = "$(inherited) @executable_path/Frameworks";
				PRODUCT_NAME = "$(TARGET_NAME)";
			};
			name = Release;
		};
		C256FA941B54F98F006DC543 /* Debug */ = {
			isa = XCBuildConfiguration;
			buildSettings = {
				BUNDLE_LOADER = "$(TEST_HOST)";
				FRAMEWORK_SEARCH_PATHS = (
					"$(SDKROOT)/Developer/Library/Frameworks",
					"$(inherited)",
				);
				GCC_PREPROCESSOR_DEFINITIONS = (
					"DEBUG=1",
					"$(inherited)",
				);
				INFOPLIST_FILE = "Webview DemoTests/Info.plist";
				LD_RUNPATH_SEARCH_PATHS = "$(inherited) @executable_path/Frameworks @loader_path/Frameworks";
				PRODUCT_NAME = "$(TARGET_NAME)";
				TEST_HOST = "$(BUILT_PRODUCTS_DIR)/Webview Demo.app/Webview Demo";
			};
			name = Debug;
		};
		C256FA951B54F98F006DC543 /* Release */ = {
			isa = XCBuildConfiguration;
			buildSettings = {
				BUNDLE_LOADER = "$(TEST_HOST)";
				FRAMEWORK_SEARCH_PATHS = (
					"$(SDKROOT)/Developer/Library/Frameworks",
					"$(inherited)",
				);
				INFOPLIST_FILE = "Webview DemoTests/Info.plist";
				LD_RUNPATH_SEARCH_PATHS = "$(inherited) @executable_path/Frameworks @loader_path/Frameworks";
				PRODUCT_NAME = "$(TARGET_NAME)";
				TEST_HOST = "$(BUILT_PRODUCTS_DIR)/Webview Demo.app/Webview Demo";
			};
			name = Release;
		};
/* End XCBuildConfiguration section */

/* Begin XCConfigurationList section */
		C256FA6C1B54F98F006DC543 /* Build configuration list for PBXProject "Webview Demo" */ = {
			isa = XCConfigurationList;
			buildConfigurations = (
				C256FA8E1B54F98F006DC543 /* Debug */,
				C256FA8F1B54F98F006DC543 /* Release */,
			);
			defaultConfigurationIsVisible = 0;
			defaultConfigurationName = Release;
		};
		C256FA901B54F98F006DC543 /* Build configuration list for PBXNativeTarget "Webview Demo" */ = {
			isa = XCConfigurationList;
			buildConfigurations = (
				C256FA911B54F98F006DC543 /* Debug */,
				C256FA921B54F98F006DC543 /* Release */,
			);
			defaultConfigurationIsVisible = 0;
		};
		C256FA931B54F98F006DC543 /* Build configuration list for PBXNativeTarget "Webview DemoTests" */ = {
			isa = XCConfigurationList;
			buildConfigurations = (
				C256FA941B54F98F006DC543 /* Debug */,
				C256FA951B54F98F006DC543 /* Release */,
			);
			defaultConfigurationIsVisible = 0;
		};
/* End XCConfigurationList section */
	};
	rootObject = C256FA691B54F98F006DC543 /* Project object */;
}
